
Microsoft Visual Studio Solution File, Format Version 11.00
# Visual Studio 2010
Project("{FAE04EC0-301F-11D3-BF4B-00C04F79EFBC}") = "LapTimes", "LapTimes\LapTimes.csproj", "{998C41DC-B9D5-4C33-9F67-366225D7972F}"
EndProject
Project("{FAE04EC0-301F-11D3-BF4B-00C04F79EFBC}") = "LapTimes.Tests", "LapTimes.Tests\LapTimes.Tests.csproj", "{B7D5F6AD-4ACA-4A4A-9D5E-954224D18CA1}"
EndProject
Global
	GlobalSection(SolutionConfigurationPlatforms) = preSolution
		Debug|Any CPU = Debug|Any CPU
		Release|Any CPU = Release|Any CPU
	EndGlobalSection
	GlobalSection(ProjectConfigurationPlatforms) = postSolution
		{998C41DC-B9D5-4C33-9F67-366225D7972F}.Debug|Any CPU.ActiveCfg = Debug|Any CPU
		{998C41DC-B9D5-4C33-9F67-366225D7972F}.Debug|Any CPU.Build.0 = Debug|Any CPU
		{998C41DC-B9D5-4C33-9F67-366225D7972F}.Release|Any CPU.ActiveCfg = Release|Any CPU
		{998C41DC-B9D5-4C33-9F67-366225D7972F}.Release|Any CPU.Build.0 = Release|Any CPU
		{B7D5F6AD-4ACA-4A4A-9D5E-954224D18CA1}.Debug|Any CPU.ActiveCfg = Debug|Any CPU
		{B7D5F6AD-4ACA-4A4A-9D5E-954224D18CA1}.Debug|Any CPU.Build.0 = Debug|Any CPU
		{B7D5F6AD-4ACA-4A4A-9D5E-954224D18CA1}.Release|Any CPU.ActiveCfg = Release|Any CPU
		{B7D5F6AD-4ACA-4A4A-9D5E-954224D18CA1}.Release|Any CPU.Build.0 = Release|Any CPU
	EndGlobalSection
	GlobalSection(SolutionProperties) = preSolution
		HideSolutionNode = FALSE
	EndGlobalSection
EndGlobal
